
Microsoft Visual Studio Solution File, Format Version 12.00
# Visual Studio Version 17
VisualStudioVersion = 17.7.34031.279
MinimumVisualStudioVersion = 10.0.40219.1
Project("{FAE04EC0-301F-11D3-BF4B-00C04F79EFBC}") = "Formulir", "Formulir\Formulir.csproj", "{DCE00DA7-DCC9-4A60-A6D9-84DB65532D69}"
EndProject
Global
	GlobalSection(SolutionConfigurationPlatforms) = preSolution
		Debug|Any CPU = Debug|Any CPU
		Release|Any CPU = Release|Any CPU
	EndGlobalSection
	GlobalSection(ProjectConfigurationPlatforms) = postSolution
		{DCE00DA7-DCC9-4A60-A6D9-84DB65532D69}.Debug|Any CPU.ActiveCfg = Debug|Any CPU
		{DCE00DA7-DCC9-4A60-A6D9-84DB65532D69}.Debug|Any CPU.Build.0 = Debug|Any CPU
		{DCE00DA7-DCC9-4A60-A6D9-84DB65532D69}.Release|Any CPU.ActiveCfg = Release|Any CPU
		{DCE00DA7-DCC9-4A60-A6D9-84DB65532D69}.Release|Any CPU.Build.0 = Release|Any CPU
	EndGlobalSection
	GlobalSection(SolutionProperties) = preSolution
		HideSolutionNode = FALSE
	EndGlobalSection
	GlobalSection(ExtensibilityGlobals) = postSolution
		SolutionGuid = {5D57DD4F-79B1-4C5F-938D-D2731FCEAE3D}
	EndGlobalSection
EndGlobal
